<Solution>
  <Folder Name="/0_Entities-DTOs/">
    <Project Path="Entities-DTOs/Entities-DTOs.csproj" />
  </Folder>
  <Folder Name="/1_DataAccess/">
    <Project Path="DataAccess/DataAccess.csproj" Id="4e13e5f2-d36b-4c6b-9c53-c858aaed9ad2" />
  </Folder>
  <Folder Name="/1_DataAccess/Scripts database/">
    <File Path="spCreateLibro.sql" />
    <File Path="spCreatePrestamo.sql" />
    <File Path="spCreateUsuario.sql" />
    <File Path="spDelLibro.sql" />
    <File Path="spDelPrestamo.sql" />
    <File Path="spDelUsuario.sql" />
    <File Path="spRetAllLibros.sql" />
    <File Path="spRetAllPrestamos.sql" />
    <File Path="spRetAllUsuario.sql" />
    <File Path="spRetByIdLibro.sql" />
    <File Path="spRetByIdPrestamo.sql" />
    <File Path="spRetByIdUsuario.sql" />
    <File Path="spUpdLibro.sql" />
    <File Path="spUpdPrestamo.sql" />
    <File Path="spUpdUsuario.sql" />
    <File Path="tblLibro.sql" />
    <File Path="tblPrestamo.sql" />
    <File Path="tblUsuario.sql" />
  </Folder>
  <Folder Name="/2_AppCore/">
    <Project Path="AppCore/AppCore.csproj" Id="28d36824-2dc7-4165-8eb5-c878a11e9304" />
  </Folder>
  <Folder Name="/4_WebAPI/">
    <Project Path="WebAPI/WebAPI.csproj" Id="a90029cd-e526-40d4-b27d-4b1868cba143" />
  </Folder>
  <Folder Name="/99_DevTester/">
    <Project Path="ConsoleApp-DevTesting/ConsoleApp-DevTesting.csproj" Id="0797331d-b5ba-41f5-b85e-1722d32e66b4" />
  </Folder>
</Solution>
